
Microsoft Visual Studio Solution File, Format Version 12.00
# Visual Studio Version 16
VisualStudioVersion = 16.0.31019.35
MinimumVisualStudioVersion = 10.0.40219.1
Project("{FAE04EC0-301F-11D3-BF4B-00C04F79EFBC}") = "MVCDropdown", "MVCDropdown\MVCDropdown.csproj", "{2375B02C-CBF3-46C4-8509-48B7DBB6718F}"
EndProject
Global
	GlobalSection(SolutionConfigurationPlatforms) = preSolution
		Debug|Any CPU = Debug|Any CPU
		Release|Any CPU = Release|Any CPU
	EndGlobalSection
	GlobalSection(ProjectConfigurationPlatforms) = postSolution
		{2375B02C-CBF3-46C4-8509-48B7DBB6718F}.Debug|Any CPU.ActiveCfg = Debug|Any CPU
		{2375B02C-CBF3-46C4-8509-48B7DBB6718F}.Debug|Any CPU.Build.0 = Debug|Any CPU
		{2375B02C-CBF3-46C4-8509-48B7DBB6718F}.Release|Any CPU.ActiveCfg = Release|Any CPU
		{2375B02C-CBF3-46C4-8509-48B7DBB6718F}.Release|Any CPU.Build.0 = Release|Any CPU
	EndGlobalSection
	GlobalSection(SolutionProperties) = preSolution
		HideSolutionNode = FALSE
	EndGlobalSection
	GlobalSection(ExtensibilityGlobals) = postSolution
		SolutionGuid = {E66F744C-019F-4A63-A105-E73397A14A9F}
	EndGlobalSection
EndGlobal
